
Microsoft Visual Studio Solution File, Format Version 12.00
# Visual Studio Version 16
VisualStudioVersion = 16.0.31112.23
MinimumVisualStudioVersion = 10.0.40219.1
Project("{2150E333-8FDC-42A3-9474-1A3956D46DE8}") = "src", "src", "{2E2D17EF-2348-49DB-813A-073429779E58}"
EndProject
Project("{9A19103F-16F7-4668-BE54-9A1E7A4F7556}") = "Catalog.Api", "src\Catalog.Api\Catalog.Api.csproj", "{F22E61AC-E7D7-4E40-81B4-72B0D03B12AD}"
EndProject
Project("{E53339B2-1760-4266-BCC7-CA923CBCF16C}") = "docker-compose", "docker-compose.dcproj", "{D890AFAB-6690-41C7-8D66-7C9ADA689C00}"
EndProject
Project("{9A19103F-16F7-4668-BE54-9A1E7A4F7556}") = "Basket.Api", "src\Basket.Api\Basket.Api.csproj", "{6B7A24C7-0640-4A08-9C84-E3B88AE033FC}"
EndProject
Project("{9A19103F-16F7-4668-BE54-9A1E7A4F7556}") = "Discount.Api", "src\Discount.Api\Discount.Api.csproj", "{619CAF62-F95D-475A-ADCB-C2E55E3E5CFD}"
EndProject
Project("{9A19103F-16F7-4668-BE54-9A1E7A4F7556}") = "Discount.Grpc", "src\Discount.Grpc\Discount.Grpc.csproj", "{CE8B6979-3EA0-4E01-ABE8-BAAB349FE9D5}"
EndProject
Project("{9A19103F-16F7-4668-BE54-9A1E7A4F7556}") = "Ordering.Api", "src\Ordering\Ordering.Api\Ordering.Api.csproj", "{DF2608C9-11F2-4E6E-A7FC-30A1EA5A2DD1}"
EndProject
Project("{2150E333-8FDC-42A3-9474-1A3956D46DE8}") = "Ordering", "Ordering", "{A8792A3D-54C8-4501-88E0-EF058EE1A7C6}"
EndProject
Project("{9A19103F-16F7-4668-BE54-9A1E7A4F7556}") = "Ordering.Domain", "src\Ordering\Ordering.Domain\Ordering.Domain.csproj", "{859CBC96-DC5E-4202-80FA-C61253B0E6A5}"
EndProject
Project("{9A19103F-16F7-4668-BE54-9A1E7A4F7556}") = "Ordering.Application", "src\Ordering\Ordering.Application\Ordering.Application.csproj", "{7955191C-4FB5-4478-BF3C-2D53AD8C3563}"
EndProject
Project("{9A19103F-16F7-4668-BE54-9A1E7A4F7556}") = "Ordering.Infrastructure", "src\Ordering\Ordering.Infrastructure\Ordering.Infrastructure.csproj", "{3920830E-D51E-4876-A91B-9806FBA0890C}"
EndProject
Project("{9A19103F-16F7-4668-BE54-9A1E7A4F7556}") = "EventBus.Messages", "src\EventBus.Messages\EventBus.Messages.csproj", "{AD10BA71-9C60-4364-ACD0-9D73DF4B4281}"
EndProject
Project("{9A19103F-16F7-4668-BE54-9A1E7A4F7556}") = "OcelotApiGateway", "src\OcelotApiGateway\OcelotApiGateway.csproj", "{2BF7AE0A-041C-4BBD-8557-8670D5F568A0}"
EndProject
Project("{FAE04EC0-301F-11D3-BF4B-00C04F79EFBC}") = "Shopping.Aggregator", "src\Shopping.Aggregator\Shopping.Aggregator.csproj", "{229ECE6D-5D11-4194-83C6-1B92E1F419B2}"
EndProject
Global
	GlobalSection(SolutionConfigurationPlatforms) = preSolution
		Debug|Any CPU = Debug|Any CPU
		Release|Any CPU = Release|Any CPU
	EndGlobalSection
	GlobalSection(ProjectConfigurationPlatforms) = postSolution
		{F22E61AC-E7D7-4E40-81B4-72B0D03B12AD}.Debug|Any CPU.ActiveCfg = Debug|Any CPU
		{F22E61AC-E7D7-4E40-81B4-72B0D03B12AD}.Debug|Any CPU.Build.0 = Debug|Any CPU
		{F22E61AC-E7D7-4E40-81B4-72B0D03B12AD}.Release|Any CPU.ActiveCfg = Release|Any CPU
		{F22E61AC-E7D7-4E40-81B4-72B0D03B12AD}.Release|Any CPU.Build.0 = Release|Any CPU
		{D890AFAB-6690-41C7-8D66-7C9ADA689C00}.Debug|Any CPU.ActiveCfg = Debug|Any CPU
		{D890AFAB-6690-41C7-8D66-7C9ADA689C00}.Debug|Any CPU.Build.0 = Debug|Any CPU
		{D890AFAB-6690-41C7-8D66-7C9ADA689C00}.Release|Any CPU.ActiveCfg = Release|Any CPU
		{D890AFAB-6690-41C7-8D66-7C9ADA689C00}.Release|Any CPU.Build.0 = Release|Any CPU
		{6B7A24C7-0640-4A08-9C84-E3B88AE033FC}.Debug|Any CPU.ActiveCfg = Debug|Any CPU
		{6B7A24C7-0640-4A08-9C84-E3B88AE033FC}.Debug|Any CPU.Build.0 = Debug|Any CPU
		{6B7A24C7-0640-4A08-9C84-E3B88AE033FC}.Release|Any CPU.ActiveCfg = Release|Any CPU
		{6B7A24C7-0640-4A08-9C84-E3B88AE033FC}.Release|Any CPU.Build.0 = Release|Any CPU
		{619CAF62-F95D-475A-ADCB-C2E55E3E5CFD}.Debug|Any CPU.ActiveCfg = Debug|Any CPU
		{619CAF62-F95D-475A-ADCB-C2E55E3E5CFD}.Debug|Any CPU.Build.0 = Debug|Any CPU
		{619CAF62-F95D-475A-ADCB-C2E55E3E5CFD}.Release|Any CPU.ActiveCfg = Release|Any CPU
		{619CAF62-F95D-475A-ADCB-C2E55E3E5CFD}.Release|Any CPU.Build.0 = Release|Any CPU
		{CE8B6979-3EA0-4E01-ABE8-BAAB349FE9D5}.Debug|Any CPU.ActiveCfg = Debug|Any CPU
		{CE8B6979-3EA0-4E01-ABE8-BAAB349FE9D5}.Debug|Any CPU.Build.0 = Debug|Any CPU
		{CE8B6979-3EA0-4E01-ABE8-BAAB349FE9D5}.Release|Any CPU.ActiveCfg = Release|Any CPU
		{CE8B6979-3EA0-4E01-ABE8-BAAB349FE9D5}.Release|Any CPU.Build.0 = Release|Any CPU
		{DF2608C9-11F2-4E6E-A7FC-30A1EA5A2DD1}.Debug|Any CPU.ActiveCfg = Debug|Any CPU
		{DF2608C9-11F2-4E6E-A7FC-30A1EA5A2DD1}.Debug|Any CPU.Build.0 = Debug|Any CPU
		{DF2608C9-11F2-4E6E-A7FC-30A1EA5A2DD1}.Release|Any CPU.ActiveCfg = Release|Any CPU
		{DF2608C9-11F2-4E6E-A7FC-30A1EA5A2DD1}.Release|Any CPU.Build.0 = Release|Any CPU
		{859CBC96-DC5E-4202-80FA-C61253B0E6A5}.Debug|Any CPU.ActiveCfg = Debug|Any CPU
		{859CBC96-DC5E-4202-80FA-C61253B0E6A5}.Debug|Any CPU.Build.0 = Debug|Any CPU
		{859CBC96-DC5E-4202-80FA-C61253B0E6A5}.Release|Any CPU.ActiveCfg = Release|Any CPU
		{859CBC96-DC5E-4202-80FA-C61253B0E6A5}.Release|Any CPU.Build.0 = Release|Any CPU
		{7955191C-4FB5-4478-BF3C-2D53AD8C3563}.Debug|Any CPU.ActiveCfg = Debug|Any CPU
		{7955191C-4FB5-4478-BF3C-2D53AD8C3563}.Debug|Any CPU.Build.0 = Debug|Any CPU
		{7955191C-4FB5-4478-BF3C-2D53AD8C3563}.Release|Any CPU.ActiveCfg = Release|Any CPU
		{7955191C-4FB5-4478-BF3C-2D53AD8C3563}.Release|Any CPU.Build.0 = Release|Any CPU
		{3920830E-D51E-4876-A91B-9806FBA0890C}.Debug|Any CPU.ActiveCfg = Debug|Any CPU
		{3920830E-D51E-4876-A91B-9806FBA0890C}.Debug|Any CPU.Build.0 = Debug|Any CPU
		{3920830E-D51E-4876-A91B-9806FBA0890C}.Release|Any CPU.ActiveCfg = Release|Any CPU
		{3920830E-D51E-4876-A91B-9806FBA0890C}.Release|Any CPU.Build.0 = Release|Any CPU
		{AD10BA71-9C60-4364-ACD0-9D73DF4B4281}.Debug|Any CPU.ActiveCfg = Debug|Any CPU
		{AD10BA71-9C60-4364-ACD0-9D73DF4B4281}.Debug|Any CPU.Build.0 = Debug|Any CPU
		{AD10BA71-9C60-4364-ACD0-9D73DF4B4281}.Release|Any CPU.ActiveCfg = Release|Any CPU
		{AD10BA71-9C60-4364-ACD0-9D73DF4B4281}.Release|Any CPU.Build.0 = Release|Any CPU
		{2BF7AE0A-041C-4BBD-8557-8670D5F568A0}.Debug|Any CPU.ActiveCfg = Debug|Any CPU
		{2BF7AE0A-041C-4BBD-8557-8670D5F568A0}.Debug|Any CPU.Build.0 = Debug|Any CPU
		{2BF7AE0A-041C-4BBD-8557-8670D5F568A0}.Release|Any CPU.ActiveCfg = Release|Any CPU
		{2BF7AE0A-041C-4BBD-8557-8670D5F568A0}.Release|Any CPU.Build.0 = Release|Any CPU
		{229ECE6D-5D11-4194-83C6-1B92E1F419B2}.Debug|Any CPU.ActiveCfg = Debug|Any CPU
		{229ECE6D-5D11-4194-83C6-1B92E1F419B2}.Debug|Any CPU.Build.0 = Debug|Any CPU
		{229ECE6D-5D11-4194-83C6-1B92E1F419B2}.Release|Any CPU.ActiveCfg = Release|Any CPU
		{229ECE6D-5D11-4194-83C6-1B92E1F419B2}.Release|Any CPU.Build.0 = Release|Any CPU
	EndGlobalSection
	GlobalSection(SolutionProperties) = preSolution
		HideSolutionNode = FALSE
	EndGlobalSection
	GlobalSection(NestedProjects) = preSolution
		{F22E61AC-E7D7-4E40-81B4-72B0D03B12AD} = {2E2D17EF-2348-49DB-813A-073429779E58}
		{6B7A24C7-0640-4A08-9C84-E3B88AE033FC} = {2E2D17EF-2348-49DB-813A-073429779E58}
		{619CAF62-F95D-475A-ADCB-C2E55E3E5CFD} = {2E2D17EF-2348-49DB-813A-073429779E58}
		{CE8B6979-3EA0-4E01-ABE8-BAAB349FE9D5} = {2E2D17EF-2348-49DB-813A-073429779E58}
		{DF2608C9-11F2-4E6E-A7FC-30A1EA5A2DD1} = {A8792A3D-54C8-4501-88E0-EF058EE1A7C6}
		{A8792A3D-54C8-4501-88E0-EF058EE1A7C6} = {2E2D17EF-2348-49DB-813A-073429779E58}
		{859CBC96-DC5E-4202-80FA-C61253B0E6A5} = {A8792A3D-54C8-4501-88E0-EF058EE1A7C6}
		{7955191C-4FB5-4478-BF3C-2D53AD8C3563} = {A8792A3D-54C8-4501-88E0-EF058EE1A7C6}
		{3920830E-D51E-4876-A91B-9806FBA0890C} = {A8792A3D-54C8-4501-88E0-EF058EE1A7C6}
		{AD10BA71-9C60-4364-ACD0-9D73DF4B4281} = {2E2D17EF-2348-49DB-813A-073429779E58}
		{2BF7AE0A-041C-4BBD-8557-8670D5F568A0} = {2E2D17EF-2348-49DB-813A-073429779E58}
		{229ECE6D-5D11-4194-83C6-1B92E1F419B2} = {2E2D17EF-2348-49DB-813A-073429779E58}
	EndGlobalSection
	GlobalSection(ExtensibilityGlobals) = postSolution
		SolutionGuid = {DD8F156B-0597-4D0F-97F3-64D281015F3E}
	EndGlobalSection
EndGlobal
